
Microsoft Visual Studio Solution File, Format Version 12.00
# Visual Studio Version 17
VisualStudioVersion = 17.3.32922.545
MinimumVisualStudioVersion = 10.0.40219.1
Project("{9A19103F-16F7-4668-BE54-9A1E7A4F7556}") = "Notes.Web", "Notes.Web\Notes.Web.csproj", "{1C1D4B01-4DA3-4E6A-B476-5408B790D6A8}"
EndProject
Project("{9A19103F-16F7-4668-BE54-9A1E7A4F7556}") = "Notes.DAL", "Notes.DAL\Notes.DAL.csproj", "{5035AD34-07F4-499E-97AF-E12919D48249}"
EndProject
Project("{FAE04EC0-301F-11D3-BF4B-00C04F79EFBC}") = "Notes.Tests", "Notes.Tests\Notes.Tests.csproj", "{D9AF3ACA-1B8A-4E50-AB62-F6D487030398}"
EndProject
Global
	GlobalSection(SolutionConfigurationPlatforms) = preSolution
		Debug|Any CPU = Debug|Any CPU
		Release|Any CPU = Release|Any CPU
	EndGlobalSection
	GlobalSection(ProjectConfigurationPlatforms) = postSolution
		{1C1D4B01-4DA3-4E6A-B476-5408B790D6A8}.Debug|Any CPU.ActiveCfg = Debug|Any CPU
		{1C1D4B01-4DA3-4E6A-B476-5408B790D6A8}.Debug|Any CPU.Build.0 = Debug|Any CPU
		{1C1D4B01-4DA3-4E6A-B476-5408B790D6A8}.Release|Any CPU.ActiveCfg = Release|Any CPU
		{1C1D4B01-4DA3-4E6A-B476-5408B790D6A8}.Release|Any CPU.Build.0 = Release|Any CPU
		{5035AD34-07F4-499E-97AF-E12919D48249}.Debug|Any CPU.ActiveCfg = Debug|Any CPU
		{5035AD34-07F4-499E-97AF-E12919D48249}.Debug|Any CPU.Build.0 = Debug|Any CPU
		{5035AD34-07F4-499E-97AF-E12919D48249}.Release|Any CPU.ActiveCfg = Release|Any CPU
		{5035AD34-07F4-499E-97AF-E12919D48249}.Release|Any CPU.Build.0 = Release|Any CPU
		{D9AF3ACA-1B8A-4E50-AB62-F6D487030398}.Debug|Any CPU.ActiveCfg = Debug|Any CPU
		{D9AF3ACA-1B8A-4E50-AB62-F6D487030398}.Debug|Any CPU.Build.0 = Debug|Any CPU
		{D9AF3ACA-1B8A-4E50-AB62-F6D487030398}.Release|Any CPU.ActiveCfg = Release|Any CPU
		{D9AF3ACA-1B8A-4E50-AB62-F6D487030398}.Release|Any CPU.Build.0 = Release|Any CPU
	EndGlobalSection
	GlobalSection(SolutionProperties) = preSolution
		HideSolutionNode = FALSE
	EndGlobalSection
	GlobalSection(ExtensibilityGlobals) = postSolution
		SolutionGuid = {EE3BABA6-EA5A-4738-A7FC-300139498433}
	EndGlobalSection
EndGlobal
